{
  "requires": true,
  "lockfileVersion": 1,
  "dependencies": {
    "samp-query": {
      "version": "0.1.5",
      "resolved": "https://registry.npmjs.org/samp-query/-/samp-query-0.1.5.tgz",
      "integrity": "sha512-hMyi2Df7JECBFBg+jmWN/vemY1VnHAWOdk2MR8nIoc7ADhge7uwfwaqTc0np9E0+GoxiLexEKV/cSGH+b1eIeg=="
    }
  }
}
